// !$*UTF8*$!
{
	archiveVersion = 1;
	classes = {
	};
	objectVersion = 46;
	objects = {

		A17F5676BDD071E987A60B70 = {isa = PBXBuildFile; fileRef = 14855D448C643D9D1273F510; };
		9D5B77CB9A3821EA7B343C63 = {isa = PBXBuildFile; fileRef = FE033981774BC22F20299C94; };
		83F5788F3C3EB7AA6FC33ACD = {isa = PBXBuildFile; fileRef = 7D1697DA0C79FC9D268D6C6F; };
		F31E09AE6FAC38F82CD78504 = {isa = PBXBuildFile; fileRef = 6B7098F279CDF62A7D9EC502; };
		24437B071743D9C48C5043C0 = {isa = PBXBuildFile; fileRef = 5BDF6E8BAA06F986E93B7C9C; };
		986F56B920A1113CB3833C41 = {isa = PBXBuildFile; fileRef = 15C255FC9CB0A7B4C722315E; };
		011DB09486E4A85030281342 = {isa = PBXBuildFile; fileRef = 3A7BE1D0A0D671147C72DB9A; };
		6C5715D76160505D3C09C33E = {isa = PBXBuildFile; fileRef = 4A729129EF5CEFB382F28B25; };
		9AE643BBB0C094A8B70C59EC = {isa = PBXBuildFile; fileRef = 3850E4650FCB88E4FAB21AB0; };
		73EC81B5501676609391162E = {isa = PBXBuildFile; fileRef = 34122A65B45AB6DFC460629C; };
		2053CD63142756F8190FB761 = {isa = PBXBuildFile; fileRef = D890A10CE476B72D0D2480ED; };
		ADC5522AFCA46BBD8B14BB01 = {isa = PBXBuildFile; fileRef = 5E4A79A349F0B83389FF553B; };
		DD787B32429DFC134786214B = {isa = PBXBuildFile; fileRef = 2E5395B01D82D8015B662456; };
		C082D37B0C06522F0B446E65 = {isa = PBXBuildFile; fileRef = 34A7BAB8C0F675014A3A70A7; };
		C3283EF9C470C5527C2FB215 = {isa = PBXBuildFile; fileRef = F14BC047FA76DC48FB1E569C; };
		A017292BB48D058EE89DFB8B = {isa = PBXBuildFile; fileRef = 3B000C7AD488923B2639086A; };
		D72F36A478812D0C9ED97208 = {isa = PBXBuildFile; fileRef = C5CB000E553645794E301E61; };
		017DF8037C7221EB07D73017 = {isa = PBXBuildFile; fileRef = DBB10A66362C3B31D3569818; };
		14855D448C643D9D1273F510 = {isa = PBXFileReference; explicitFileType = archive.ar; includeInIndex = 0; path = libHybridApi.a; sourceTree = "BUILT_PRODUCTS_DIR"; };
		15C255FC9CB0A7B4C722315E = {isa = PBXFileReference; lastKnownFileType = sourcecode.cpp.cpp; name = DeletableItemListComponent.cpp; path = ../../Source/JuceBased/Components/DeletableItemListComponent.cpp; sourceTree = "SOURCE_ROOT"; };
		1FAF8F3ECCA6B85CCB1A5A57 = {isa = PBXFileReference; lastKnownFileType = sourcecode.c.h; name = ResXmlParser.h; path = ../../Source/JuceBased/ArenaHelpers/Xml/ResXmlParser.h; sourceTree = "SOURCE_ROOT"; };
		2E5395B01D82D8015B662456 = {isa = PBXFileReference; lastKnownFileType = sourcecode.cpp.objcpp; name = "include_juce_data_structures.mm"; path = "../../JuceLibraryCode/include_juce_data_structures.mm"; sourceTree = "SOURCE_ROOT"; };
		329A9E96A1DB3D236D1DDF75 = {isa = PBXFileReference; lastKnownFileType = sourcecode.c.h; name = Utilities.h; path = ../../Source/JuceBased/Utilities/Utilities.h; sourceTree = "SOURCE_ROOT"; };
		34122A65B45AB6DFC460629C = {isa = PBXFileReference; lastKnownFileType = sourcecode.cpp.cpp; name = OscOutput.cpp; path = ../../Source/JuceBased/Osc/OscOutput.cpp; sourceTree = "SOURCE_ROOT"; };
		34A7BAB8C0F675014A3A70A7 = {isa = PBXFileReference; lastKnownFileType = sourcecode.cpp.objcpp; name = "include_juce_events.mm"; path = "../../JuceLibraryCode/include_juce_events.mm"; sourceTree = "SOURCE_ROOT"; };
		3670C12FB4CEC9373FE2F66A = {isa = PBXFileReference; lastKnownFileType = sourcecode.c.h; name = ChaserXmlParser.h; path = ../../Source/JuceBased/ArenaHelpers/Xml/ChaserXmlParser.h; sourceTree = "SOURCE_ROOT"; };
		3850E4650FCB88E4FAB21AB0 = {isa = PBXFileReference; lastKnownFileType = sourcecode.cpp.cpp; name = FileLess.cpp; path = ../../Source/JuceBased/Fileless/FileLess.cpp; sourceTree = "SOURCE_ROOT"; };
		3B000C7AD488923B2639086A = {isa = PBXFileReference; lastKnownFileType = sourcecode.cpp.objcpp; name = "include_juce_gui_basics.mm"; path = "../../JuceLibraryCode/include_juce_gui_basics.mm"; sourceTree = "SOURCE_ROOT"; };
		3F469C72758F6389844C682B = {isa = PBXFileReference; lastKnownFileType = sourcecode.c.h; name = HybridApi.h; path = ../../Source/HybridApi.h; sourceTree = "SOURCE_ROOT"; };
		4E7403E5B674BA246D5F223D = {isa = PBXFileReference; lastKnownFileType = file; name = "juce_osc"; path = "../../../JUCE/modules/juce_osc"; sourceTree = "SOURCE_ROOT"; };
		5BDF6E8BAA06F986E93B7C9C = {isa = PBXFileReference; lastKnownFileType = sourcecode.cpp.cpp; name = ResXmlParser.cpp; path = ../../Source/JuceBased/ArenaHelpers/Xml/ResXmlParser.cpp; sourceTree = "SOURCE_ROOT"; };
		5E4A79A349F0B83389FF553B = {isa = PBXFileReference; lastKnownFileType = sourcecode.cpp.objcpp; name = "include_juce_core.mm"; path = "../../JuceLibraryCode/include_juce_core.mm"; sourceTree = "SOURCE_ROOT"; };
		6B7098F279CDF62A7D9EC502 = {isa = PBXFileReference; lastKnownFileType = sourcecode.cpp.cpp; name = ChaserXmlParser.cpp; path = ../../Source/JuceBased/ArenaHelpers/Xml/ChaserXmlParser.cpp; sourceTree = "SOURCE_ROOT"; };
		6C374DC0519CB2AD2A9F07C1 = {isa = PBXFileReference; lastKnownFileType = sourcecode.c.h; name = FileLess.h; path = ../../Source/JuceBased/Fileless/FileLess.h; sourceTree = "SOURCE_ROOT"; };
		6F8D288506C94214998696E7 = {isa = PBXFileReference; lastKnownFileType = file; name = "juce_graphics"; path = "../../../JUCE/modules/juce_graphics"; sourceTree = "SOURCE_ROOT"; };
		732D0635661EC7A8F2562603 = {isa = PBXFileReference; lastKnownFileType = sourcecode.c.h; name = AppConfig.h; path = ../../JuceLibraryCode/AppConfig.h; sourceTree = "SOURCE_ROOT"; };
		7D1697DA0C79FC9D268D6C6F = {isa = PBXFileReference; lastKnownFileType = sourcecode.cpp.cpp; name = FileHelper.cpp; path = ../../Source/JuceBased/ArenaHelpers/File/FileHelper.cpp; sourceTree = "SOURCE_ROOT"; };
		9084E4305C3AE0754D2EBC19 = {isa = PBXFileReference; lastKnownFileType = file; name = "juce_data_structures"; path = "../../../JUCE/modules/juce_data_structures"; sourceTree = "SOURCE_ROOT"; };
		A3D81F4B08768CB2CCD01B26 = {isa = PBXFileReference; lastKnownFileType = sourcecode.c.h; name = OscOutput.h; path = ../../Source/JuceBased/Osc/OscOutput.h; sourceTree = "SOURCE_ROOT"; };
		ACB263DCEDD381AB7A814C70 = {isa = PBXFileReference; lastKnownFileType = file; name = "juce_core"; path = "../../../JUCE/modules/juce_core"; sourceTree = "SOURCE_ROOT"; };
		B380B8054443AB59471AADBC = {isa = PBXFileReference; lastKnownFileType = file; name = "juce_gui_basics"; path = "../../../JUCE/modules/juce_gui_basics"; sourceTree = "SOURCE_ROOT"; };
		B4114B159713282B9B201152 = {isa = PBXFileReference; lastKnownFileType = file; name = "juce_gui_extra"; path = "../../../JUCE/modules/juce_gui_extra"; sourceTree = "SOURCE_ROOT"; };
		BD58374538552F380253C15A = {isa = PBXFileReference; lastKnownFileType = sourcecode.c.h; name = DeletableItemListComponent.h; path = ../../Source/JuceBased/Components/DeletableItemListComponent.h; sourceTree = "SOURCE_ROOT"; };
		C516FB017FED34C3FAE09A04 = {isa = PBXFileReference; lastKnownFileType = sourcecode.c.h; name = FileHelper.h; path = ../../Source/JuceBased/ArenaHelpers/File/FileHelper.h; sourceTree = "SOURCE_ROOT"; };
		C57FE4E8166593D7604A763E = {isa = PBXFileReference; lastKnownFileType = file; name = "juce_events"; path = "../../../JUCE/modules/juce_events"; sourceTree = "SOURCE_ROOT"; };
		C5CB000E553645794E301E61 = {isa = PBXFileReference; lastKnownFileType = sourcecode.cpp.objcpp; name = "include_juce_gui_extra.mm"; path = "../../JuceLibraryCode/include_juce_gui_extra.mm"; sourceTree = "SOURCE_ROOT"; };
		D890A10CE476B72D0D2480ED = {isa = PBXFileReference; lastKnownFileType = sourcecode.cpp.cpp; name = Utilities.cpp; path = ../../Source/JuceBased/Utilities/Utilities.cpp; sourceTree = "SOURCE_ROOT"; };
		DBB10A66362C3B31D3569818 = {isa = PBXFileReference; lastKnownFileType = sourcecode.cpp.cpp; name = "include_juce_osc.cpp"; path = "../../JuceLibraryCode/include_juce_osc.cpp"; sourceTree = "SOURCE_ROOT"; };
		E784724A523C6351DA7B23A1 = {isa = PBXFileReference; lastKnownFileType = sourcecode.c.h; name = JuceHeader.h; path = ../../JuceLibraryCode/JuceHeader.h; sourceTree = "SOURCE_ROOT"; };
		F14BC047FA76DC48FB1E569C = {isa = PBXFileReference; lastKnownFileType = sourcecode.cpp.objcpp; name = "include_juce_graphics.mm"; path = "../../JuceLibraryCode/include_juce_graphics.mm"; sourceTree = "SOURCE_ROOT"; };
		FE033981774BC22F20299C94 = {isa = PBXFileReference; lastKnownFileType = file.nib; name = RecentFilesMenuTemplate.nib; path = RecentFilesMenuTemplate.nib; sourceTree = "SOURCE_ROOT"; };
		8AA3407ADAAFE944F4EDA68B = {isa = PBXGroup; children = (
					7D1697DA0C79FC9D268D6C6F,
					C516FB017FED34C3FAE09A04, ); name = File; sourceTree = "<group>"; };
		A412B64210F7161DCB8563E5 = {isa = PBXGroup; children = (
					6B7098F279CDF62A7D9EC502,
					3670C12FB4CEC9373FE2F66A, ); name = Xml; sourceTree = "<group>"; };
		565E7840BA7E7782669DCE2B = {isa = PBXGroup; children = (
					8AA3407ADAAFE944F4EDA68B,
					A412B64210F7161DCB8563E5, ); name = ArenaHelpers; sourceTree = "<group>"; };
		851512DF03EB355B3B72B39D = {isa = PBXGroup; children = (
					15C255FC9CB0A7B4C722315E,
					BD58374538552F380253C15A, ); name = Components; sourceTree = "<group>"; };
		689B60F60015A9E37E2FB236 = {isa = PBXGroup; children = (
					3850E4650FCB88E4FAB21AB0,
					6C374DC0519CB2AD2A9F07C1, ); name = Fileless; sourceTree = "<group>"; };
		4A21FAAE2BDDC2010F9B0B27 = {isa = PBXGroup; children = (
					34122A65B45AB6DFC460629C,
					A3D81F4B08768CB2CCD01B26, ); name = Osc; sourceTree = "<group>"; };
		E3BCC74E5D08893216E6AF9B = {isa = PBXGroup; children = (
					D890A10CE476B72D0D2480ED,
					329A9E96A1DB3D236D1DDF75, ); name = Utilities; sourceTree = "<group>"; };
		1AE12BAD0748A6FEC0A96D2B = {isa = PBXGroup; children = (
					565E7840BA7E7782669DCE2B,
					851512DF03EB355B3B72B39D,
					689B60F60015A9E37E2FB236,
					4A21FAAE2BDDC2010F9B0B27,
					E3BCC74E5D08893216E6AF9B, ); name = JuceBased; sourceTree = "<group>"; };
		672D51182D6F8DD2CC5FA1B5 = {isa = PBXGroup; children = (
					1AE12BAD0748A6FEC0A96D2B,
					3F469C72758F6389844C682B, ); name = Source; sourceTree = "<group>"; };
		3A89E15C2097FE551FB6DC61 = {isa = PBXGroup; children = (
					672D51182D6F8DD2CC5FA1B5, ); name = HybridApi; sourceTree = "<group>"; };
		7E8E06B97F8204C6F1541F56 = {isa = PBXGroup; children = (
					ACB263DCEDD381AB7A814C70,
					9084E4305C3AE0754D2EBC19,
					C57FE4E8166593D7604A763E,
					6F8D288506C94214998696E7,
					B380B8054443AB59471AADBC,
					B4114B159713282B9B201152,
					4E7403E5B674BA246D5F223D, ); name = "JUCE Modules"; sourceTree = "<group>"; };
		A293CF3AE388165113572536 = {isa = PBXGroup; children = (
					732D0635661EC7A8F2562603,
					5E4A79A349F0B83389FF553B,
					2E5395B01D82D8015B662456,
					34A7BAB8C0F675014A3A70A7,
					F14BC047FA76DC48FB1E569C,
					3B000C7AD488923B2639086A,
					C5CB000E553645794E301E61,
					DBB10A66362C3B31D3569818,
					E784724A523C6351DA7B23A1, ); name = "JUCE Library Code"; sourceTree = "<group>"; };
		5C29D25C699CA195CC564541 = {isa = PBXGroup; children = (
					FE033981774BC22F20299C94, ); name = Resources; sourceTree = "<group>"; };
		33B270F89F9D57D6FCB1CF5C = {isa = PBXGroup; children = (  ); name = Frameworks; sourceTree = "<group>"; };
		3480B72A52062942FB76C7FA = {isa = PBXGroup; children = (
					14855D448C643D9D1273F510, ); name = Products; sourceTree = "<group>"; };
		F9FE1BE9AC4496636BDADA19 = {isa = PBXGroup; children = (
					3A89E15C2097FE551FB6DC61,
					7E8E06B97F8204C6F1541F56,
					A293CF3AE388165113572536,
					5C29D25C699CA195CC564541,
					33B270F89F9D57D6FCB1CF5C,
					3480B72A52062942FB76C7FA, ); name = Source; sourceTree = "<group>"; };
		7BEEEE92A2C7DE3D17E142E9 = {isa = XCBuildConfiguration; buildSettings = {
				CLANG_CXX_LANGUAGE_STANDARD = "c++11";
				CLANG_CXX_LIBRARY = "libc++";
				CLANG_LINK_OBJC_RUNTIME = NO;
				COMBINE_HIDPI_IMAGES = YES;
				CONFIGURATION_BUILD_DIR = "$(PROJECT_DIR)/build/$(CONFIGURATION)";
				COPY_PHASE_STRIP = NO;
				GCC_DYNAMIC_NO_PIC = NO;
				GCC_OPTIMIZATION_LEVEL = 0;
				GCC_PREPROCESSOR_DEFINITIONS = (
					"_DEBUG=1",
					"DEBUG=1",
					"JUCER_XCODE_MAC_F6D2F4CF=1",
					"JUCE_APP_VERSION=1.0.0",
					"JUCE_APP_VERSION_HEX=0x10000",
					"JucePlugin_Build_VST=0",
					"JucePlugin_Build_VST3=0",
					"JucePlugin_Build_AU=0",
					"JucePlugin_Build_AUv3=0",
					"JucePlugin_Build_RTAS=0",
					"JucePlugin_Build_AAX=0",
					"JucePlugin_Build_Standalone=0", );
				GCC_VERSION = com.apple.compilers.llvm.clang.1_0;
				HEADER_SEARCH_PATHS = ("../../JuceLibraryCode", "../../../JUCE/modules", "$(inherited)");
				MACOSX_DEPLOYMENT_TARGET = 10.11;
				MACOSX_DEPLOYMENT_TARGET_ppc = 10.4;
				PRODUCT_BUNDLE_IDENTIFIER = nl.hybridvisuals.HybridApi;
				SDKROOT_ppc = macosx10.5;
				USE_HEADERMAP = NO; }; name = Debug; };
		1AECB7670B4746BEFE2EA7DE = {isa = XCBuildConfiguration; buildSettings = {
				CLANG_CXX_LANGUAGE_STANDARD = "c++11";
				CLANG_CXX_LIBRARY = "libc++";
				CLANG_LINK_OBJC_RUNTIME = NO;
				COMBINE_HIDPI_IMAGES = YES;
				CONFIGURATION_BUILD_DIR = "$(PROJECT_DIR)/build/$(CONFIGURATION)";
				DEAD_CODE_STRIPPING = YES;
				GCC_GENERATE_DEBUGGING_SYMBOLS = NO;
				GCC_OPTIMIZATION_LEVEL = 3;
				GCC_PREPROCESSOR_DEFINITIONS = (
					"_NDEBUG=1",
					"NDEBUG=1",
					"JUCER_XCODE_MAC_F6D2F4CF=1",
					"JUCE_APP_VERSION=1.0.0",
					"JUCE_APP_VERSION_HEX=0x10000",
					"JucePlugin_Build_VST=0",
					"JucePlugin_Build_VST3=0",
					"JucePlugin_Build_AU=0",
					"JucePlugin_Build_AUv3=0",
					"JucePlugin_Build_RTAS=0",
					"JucePlugin_Build_AAX=0",
					"JucePlugin_Build_Standalone=0", );
				GCC_SYMBOLS_PRIVATE_EXTERN = YES;
				GCC_VERSION = com.apple.compilers.llvm.clang.1_0;
				HEADER_SEARCH_PATHS = ("../../JuceLibraryCode", "../../../JUCE/modules", "$(inherited)");
				LLVM_LTO = YES;
				MACOSX_DEPLOYMENT_TARGET = 10.11;
				MACOSX_DEPLOYMENT_TARGET_ppc = 10.4;
				PRODUCT_BUNDLE_IDENTIFIER = nl.hybridvisuals.HybridApi;
				SDKROOT_ppc = macosx10.5;
				USE_HEADERMAP = NO; }; name = Release; };
		0539F26D50F983B365979260 = {isa = XCBuildConfiguration; buildSettings = {
				ALWAYS_SEARCH_USER_PATHS = NO;
				CLANG_WARN_BLOCK_CAPTURE_AUTORELEASING = YES;
				CLANG_WARN_BOOL_CONVERSION = YES;
				CLANG_WARN_COMMA = YES;
				CLANG_WARN_CONSTANT_CONVERSION = YES;
				CLANG_WARN_EMPTY_BODY = YES;
				CLANG_WARN_ENUM_CONVERSION = YES;
				CLANG_WARN_INFINITE_RECURSION = YES;
				CLANG_WARN_INT_CONVERSION = YES;
				CLANG_WARN_NON_LITERAL_NULL_CONVERSION = YES;
				CLANG_WARN_OBJC_LITERAL_CONVERSION = YES;
				CLANG_WARN_RANGE_LOOP_ANALYSIS = YES;
				CLANG_WARN_STRICT_PROTOTYPES = YES;
				CLANG_WARN_SUSPICIOUS_MOVE = YES;
				CLANG_WARN_UNREACHABLE_CODE = YES;
				CLANG_WARN__DUPLICATE_METHOD_MATCH = YES;
				DEBUG_INFORMATION_FORMAT = "dwarf";
				ENABLE_STRICT_OBJC_MSGSEND = YES;
				ENABLE_TESTABILITY = YES;
				GCC_C_LANGUAGE_STANDARD = c11;
				GCC_INLINES_ARE_PRIVATE_EXTERN = NO;
				GCC_MODEL_TUNING = G5;
				GCC_NO_COMMON_BLOCKS = YES;
				GCC_SYMBOLS_PRIVATE_EXTERN = NO;
				GCC_WARN_64_TO_32_BIT_CONVERSION = YES;
				GCC_WARN_ABOUT_RETURN_TYPE = YES;
				GCC_WARN_CHECK_SWITCH_STATEMENTS = YES;
				GCC_WARN_MISSING_PARENTHESES = YES;
				GCC_WARN_NON_VIRTUAL_DESTRUCTOR = YES;
				GCC_WARN_TYPECHECK_CALLS_TO_PRINTF = YES;
				GCC_WARN_UNDECLARED_SELECTOR = YES;
				GCC_WARN_UNINITIALIZED_AUTOS = YES;
				GCC_WARN_UNUSED_FUNCTION = YES;
				GCC_WARN_UNUSED_VARIABLE = YES;
				ONLY_ACTIVE_ARCH = YES;
				PRODUCT_NAME = "HybridApi";
				WARNING_CFLAGS = -Wreorder;
				ZERO_LINK = NO; }; name = Debug; };
		E0ECB4EF8A571D874234EAF6 = {isa = XCBuildConfiguration; buildSettings = {
				ALWAYS_SEARCH_USER_PATHS = NO;
				CLANG_WARN_BLOCK_CAPTURE_AUTORELEASING = YES;
				CLANG_WARN_BOOL_CONVERSION = YES;
				CLANG_WARN_COMMA = YES;
				CLANG_WARN_CONSTANT_CONVERSION = YES;
				CLANG_WARN_EMPTY_BODY = YES;
				CLANG_WARN_ENUM_CONVERSION = YES;
				CLANG_WARN_INFINITE_RECURSION = YES;
				CLANG_WARN_INT_CONVERSION = YES;
				CLANG_WARN_NON_LITERAL_NULL_CONVERSION = YES;
				CLANG_WARN_OBJC_LITERAL_CONVERSION = YES;
				CLANG_WARN_RANGE_LOOP_ANALYSIS = YES;
				CLANG_WARN_STRICT_PROTOTYPES = YES;
				CLANG_WARN_SUSPICIOUS_MOVE = YES;
				CLANG_WARN_UNREACHABLE_CODE = YES;
				CLANG_WARN__DUPLICATE_METHOD_MATCH = YES;
				DEBUG_INFORMATION_FORMAT = "dwarf";
				ENABLE_STRICT_OBJC_MSGSEND = YES;
				GCC_C_LANGUAGE_STANDARD = c11;
				GCC_INLINES_ARE_PRIVATE_EXTERN = NO;
				GCC_MODEL_TUNING = G5;
				GCC_NO_COMMON_BLOCKS = YES;
				GCC_SYMBOLS_PRIVATE_EXTERN = NO;
				GCC_WARN_64_TO_32_BIT_CONVERSION = YES;
				GCC_WARN_ABOUT_RETURN_TYPE = YES;
				GCC_WARN_CHECK_SWITCH_STATEMENTS = YES;
				GCC_WARN_MISSING_PARENTHESES = YES;
				GCC_WARN_NON_VIRTUAL_DESTRUCTOR = YES;
				GCC_WARN_TYPECHECK_CALLS_TO_PRINTF = YES;
				GCC_WARN_UNDECLARED_SELECTOR = YES;
				GCC_WARN_UNINITIALIZED_AUTOS = YES;
				GCC_WARN_UNUSED_FUNCTION = YES;
				GCC_WARN_UNUSED_VARIABLE = YES;
				PRODUCT_NAME = "HybridApi";
				WARNING_CFLAGS = -Wreorder;
				ZERO_LINK = NO; }; name = Release; };
		D6C301BCB97692019899A620 = {isa = PBXTargetDependency; target = 14485BAD60056B7D71E7D5A1; };
		38BB6EF3E647C18E30D84FB9 = {isa = XCConfigurationList; buildConfigurations = (
					0539F26D50F983B365979260,
					E0ECB4EF8A571D874234EAF6, ); defaultConfigurationIsVisible = 0; defaultConfigurationName = Debug; };
		EB97129FD8A055B70C6D7C99 = {isa = XCConfigurationList; buildConfigurations = (
					7BEEEE92A2C7DE3D17E142E9,
					1AECB7670B4746BEFE2EA7DE, ); defaultConfigurationIsVisible = 0; defaultConfigurationName = Debug; };
		DC273627609C3CF02023387B = {isa = PBXSourcesBuildPhase; buildActionMask = 2147483647; files = (
					83F5788F3C3EB7AA6FC33ACD,
					F31E09AE6FAC38F82CD78504,
					24437B071743D9C48C5043C0,
					986F56B920A1113CB3833C41,
					011DB09486E4A85030281342,
					6C5715D76160505D3C09C33E,
					9AE643BBB0C094A8B70C59EC,
					73EC81B5501676609391162E,
					2053CD63142756F8190FB761,
					ADC5522AFCA46BBD8B14BB01,
					DD787B32429DFC134786214B,
					C082D37B0C06522F0B446E65,
					C3283EF9C470C5527C2FB215,
					A017292BB48D058EE89DFB8B,
					D72F36A478812D0C9ED97208,
					017DF8037C7221EB07D73017, ); runOnlyForDeploymentPostprocessing = 0; };
		14485BAD60056B7D71E7D5A1 = {isa = PBXNativeTarget; buildConfigurationList = EB97129FD8A055B70C6D7C99; buildPhases = (
					DC273627609C3CF02023387B, ); buildRules = ( ); dependencies = (  ); name = "HybridApi - Static Library"; productName = HybridApi; productReference = 14855D448C643D9D1273F510; productType = "com.apple.product-type.library.static"; };
		84CED14FBE6D8BB663D49C3E = {isa = PBXProject; buildConfigurationList = 38BB6EF3E647C18E30D84FB9; attributes = { LastUpgradeCheck = 0930; ORGANIZATIONNAME = "Hybrid Visuals"; }; compatibilityVersion = "Xcode 3.2"; hasScannedForEncodings = 0; mainGroup = F9FE1BE9AC4496636BDADA19; projectDirPath = ""; projectRoot = ""; targets = (14485BAD60056B7D71E7D5A1); };
	};
	rootObject = 84CED14FBE6D8BB663D49C3E;
}
